
Microsoft Visual Studio Solution File, Format Version 12.00
# Visual Studio 2013
VisualStudioVersion = 12.0.40629.0
MinimumVisualStudioVersion = 10.0.40219.1
Project("{FAE04EC0-301F-11D3-BF4B-00C04F79EFBC}") = "Facturacion", "Facturacion\Facturacion.csproj", "{03AA7C84-0998-4EE1-AB27-EF42F10F532E}"
EndProject
Project("{FAE04EC0-301F-11D3-BF4B-00C04F79EFBC}") = "Facturacion.Tests", "Facturacion.Tests\Facturacion.Tests.csproj", "{21AB91C8-9A1E-4A4B-AF09-CBC251EBA0E8}"
EndProject
Global
	GlobalSection(SolutionConfigurationPlatforms) = preSolution
		Debug|Any CPU = Debug|Any CPU
		Release|Any CPU = Release|Any CPU
	EndGlobalSection
	GlobalSection(ProjectConfigurationPlatforms) = postSolution
		{03AA7C84-0998-4EE1-AB27-EF42F10F532E}.Debug|Any CPU.ActiveCfg = Debug|Any CPU
		{03AA7C84-0998-4EE1-AB27-EF42F10F532E}.Debug|Any CPU.Build.0 = Debug|Any CPU
		{03AA7C84-0998-4EE1-AB27-EF42F10F532E}.Release|Any CPU.ActiveCfg = Release|Any CPU
		{03AA7C84-0998-4EE1-AB27-EF42F10F532E}.Release|Any CPU.Build.0 = Release|Any CPU
		{21AB91C8-9A1E-4A4B-AF09-CBC251EBA0E8}.Debug|Any CPU.ActiveCfg = Debug|Any CPU
		{21AB91C8-9A1E-4A4B-AF09-CBC251EBA0E8}.Debug|Any CPU.Build.0 = Debug|Any CPU
		{21AB91C8-9A1E-4A4B-AF09-CBC251EBA0E8}.Release|Any CPU.ActiveCfg = Release|Any CPU
		{21AB91C8-9A1E-4A4B-AF09-CBC251EBA0E8}.Release|Any CPU.Build.0 = Release|Any CPU
	EndGlobalSection
	GlobalSection(SolutionProperties) = preSolution
		HideSolutionNode = FALSE
	EndGlobalSection
EndGlobal
